
Microsoft Visual Studio Solution File, Format Version 12.00
# Visual Studio Version 17
VisualStudioVersion = 17.5.33424.131
MinimumVisualStudioVersion = 10.0.40219.1
Project("{FAE04EC0-301F-11D3-BF4B-00C04F79EFBC}") = "HandsOn3", "HandsOn3\HandsOn3.csproj", "{38162C3D-F006-4CCA-BF73-F5BC4CC3CD44}"
EndProject
Global
	GlobalSection(SolutionConfigurationPlatforms) = preSolution
		Debug|Any CPU = Debug|Any CPU
		Release|Any CPU = Release|Any CPU
	EndGlobalSection
	GlobalSection(ProjectConfigurationPlatforms) = postSolution
		{38162C3D-F006-4CCA-BF73-F5BC4CC3CD44}.Debug|Any CPU.ActiveCfg = Debug|Any CPU
		{38162C3D-F006-4CCA-BF73-F5BC4CC3CD44}.Debug|Any CPU.Build.0 = Debug|Any CPU
		{38162C3D-F006-4CCA-BF73-F5BC4CC3CD44}.Release|Any CPU.ActiveCfg = Release|Any CPU
		{38162C3D-F006-4CCA-BF73-F5BC4CC3CD44}.Release|Any CPU.Build.0 = Release|Any CPU
	EndGlobalSection
	GlobalSection(SolutionProperties) = preSolution
		HideSolutionNode = FALSE
	EndGlobalSection
	GlobalSection(ExtensibilityGlobals) = postSolution
		SolutionGuid = {64E5B42B-BB24-4109-9BB5-6009C2FC69D6}
	EndGlobalSection
EndGlobal
